
Microsoft Visual Studio Solution File, Format Version 12.00
# Visual Studio Version 18
VisualStudioVersion = 18.7.11911.148 stable
MinimumVisualStudioVersion = 10.0.40219.1
Project("{9A19103F-16F7-4668-BE54-9A1E7A4F7556}") = "IdentityServiceApi", "src\IdentityServiceApi\IdentityServiceApi.csproj", "{C498F2EF-D97C-4A08-AF8A-3B00FE15D5E1}"
EndProject
Project("{9A19103F-16F7-4668-BE54-9A1E7A4F7556}") = "IdentityServiceApi.IntegrationTests", "tests\IdentityServiceApi.IntegrationTests\IdentityServiceApi.IntegrationTests.csproj", "{2CD4B543-35DC-4B3D-BD61-8D94F7FE1E6D}"
EndProject
Project("{FAE04EC0-301F-11D3-BF4B-00C04F79EFBC}") = "IdentityServiceApi.UnitTests", "tests\IdentityServiceApi.UnitTests\IdentityServiceApi.UnitTests.csproj", "{BA93E021-7901-4165-B0A6-2F2FC7BA214C}"
EndProject
Project("{2150E333-8FDC-42A3-9474-1A3956D46DE8}") = "src", "src", "{02EA681E-C7D8-13C7-8484-4AC65E1B71E8}"
EndProject
Project("{2150E333-8FDC-42A3-9474-1A3956D46DE8}") = "tests", "tests", "{10DECD7F-C5DC-473A-A720-136207D1F178}"
	ProjectSection(SolutionItems) = preProject
		IdentityServiceApi.Tests\README.md = IdentityServiceApi.Tests\README.md
	EndProjectSection
EndProject
Project("{FAE04EC0-301F-11D3-BF4B-00C04F79EFBC}") = "IdentityServiceApi.Gateway", "src\IdentityServiceApi.Gateway\IdentityServiceApi.Gateway.csproj", "{BAD33C44-6C73-486E-A381-54C582620DB7}"
EndProject
Project("{E53339B2-1760-4266-BCC7-CA923CBCF16C}") = "docker-compose", "docker-compose.dcproj", "{81DDED9D-158B-E303-5F62-77A2896D2A5A}"
EndProject
Global
	GlobalSection(SolutionConfigurationPlatforms) = preSolution
		Debug|Any CPU = Debug|Any CPU
		Release|Any CPU = Release|Any CPU
	EndGlobalSection
	GlobalSection(ProjectConfigurationPlatforms) = postSolution
		{C498F2EF-D97C-4A08-AF8A-3B00FE15D5E1}.Debug|Any CPU.ActiveCfg = Debug|Any CPU
		{C498F2EF-D97C-4A08-AF8A-3B00FE15D5E1}.Debug|Any CPU.Build.0 = Debug|Any CPU
		{C498F2EF-D97C-4A08-AF8A-3B00FE15D5E1}.Release|Any CPU.ActiveCfg = Release|Any CPU
		{C498F2EF-D97C-4A08-AF8A-3B00FE15D5E1}.Release|Any CPU.Build.0 = Release|Any CPU
		{2CD4B543-35DC-4B3D-BD61-8D94F7FE1E6D}.Debug|Any CPU.ActiveCfg = Debug|Any CPU
		{2CD4B543-35DC-4B3D-BD61-8D94F7FE1E6D}.Debug|Any CPU.Build.0 = Debug|Any CPU
		{2CD4B543-35DC-4B3D-BD61-8D94F7FE1E6D}.Release|Any CPU.ActiveCfg = Release|Any CPU
		{2CD4B543-35DC-4B3D-BD61-8D94F7FE1E6D}.Release|Any CPU.Build.0 = Release|Any CPU
		{BA93E021-7901-4165-B0A6-2F2FC7BA214C}.Debug|Any CPU.ActiveCfg = Debug|Any CPU
		{BA93E021-7901-4165-B0A6-2F2FC7BA214C}.Debug|Any CPU.Build.0 = Debug|Any CPU
		{BA93E021-7901-4165-B0A6-2F2FC7BA214C}.Release|Any CPU.ActiveCfg = Release|Any CPU
		{BA93E021-7901-4165-B0A6-2F2FC7BA214C}.Release|Any CPU.Build.0 = Release|Any CPU
		{BAD33C44-6C73-486E-A381-54C582620DB7}.Debug|Any CPU.ActiveCfg = Debug|Any CPU
		{BAD33C44-6C73-486E-A381-54C582620DB7}.Debug|Any CPU.Build.0 = Debug|Any CPU
		{BAD33C44-6C73-486E-A381-54C582620DB7}.Release|Any CPU.ActiveCfg = Release|Any CPU
		{BAD33C44-6C73-486E-A381-54C582620DB7}.Release|Any CPU.Build.0 = Release|Any CPU
		{81DDED9D-158B-E303-5F62-77A2896D2A5A}.Debug|Any CPU.ActiveCfg = Debug|Any CPU
		{81DDED9D-158B-E303-5F62-77A2896D2A5A}.Debug|Any CPU.Build.0 = Debug|Any CPU
		{81DDED9D-158B-E303-5F62-77A2896D2A5A}.Release|Any CPU.ActiveCfg = Release|Any CPU
		{81DDED9D-158B-E303-5F62-77A2896D2A5A}.Release|Any CPU.Build.0 = Release|Any CPU
	EndGlobalSection
	GlobalSection(SolutionProperties) = preSolution
		HideSolutionNode = FALSE
	EndGlobalSection
	GlobalSection(NestedProjects) = preSolution
		{C498F2EF-D97C-4A08-AF8A-3B00FE15D5E1} = {02EA681E-C7D8-13C7-8484-4AC65E1B71E8}
		{2CD4B543-35DC-4B3D-BD61-8D94F7FE1E6D} = {10DECD7F-C5DC-473A-A720-136207D1F178}
		{BA93E021-7901-4165-B0A6-2F2FC7BA214C} = {10DECD7F-C5DC-473A-A720-136207D1F178}
		{BAD33C44-6C73-486E-A381-54C582620DB7} = {02EA681E-C7D8-13C7-8484-4AC65E1B71E8}
	EndGlobalSection
	GlobalSection(ExtensibilityGlobals) = postSolution
		SolutionGuid = {64DF11FE-5402-4C33-A26A-E4E00DDB8EE0}
	EndGlobalSection
EndGlobal
